
Microsoft Visual Studio Solution File, Format Version 12.00
# Visual Studio Version 17
VisualStudioVersion = 17.9.34607.119
MinimumVisualStudioVersion = 10.0.40219.1
Project("{8BC9CEB8-8B4A-11D0-8D11-00A0C91BC942}") = "LAB_1_v1", "LAB_1_v1\LAB_1_v1.vcxproj", "{8BBBA30D-2E77-4F77-A769-7B96265429E3}"
EndProject
Global
	GlobalSection(SolutionConfigurationPlatforms) = preSolution
		Debug|x64 = Debug|x64
		Debug|x86 = Debug|x86
		Release|x64 = Release|x64
		Release|x86 = Release|x86
	EndGlobalSection
	GlobalSection(ProjectConfigurationPlatforms) = postSolution
		{8BBBA30D-2E77-4F77-A769-7B96265429E3}.Debug|x64.ActiveCfg = Debug|x64
		{8BBBA30D-2E77-4F77-A769-7B96265429E3}.Debug|x64.Build.0 = Debug|x64
		{8BBBA30D-2E77-4F77-A769-7B96265429E3}.Debug|x86.ActiveCfg = Debug|Win32
		{8BBBA30D-2E77-4F77-A769-7B96265429E3}.Debug|x86.Build.0 = Debug|Win32
		{8BBBA30D-2E77-4F77-A769-7B96265429E3}.Release|x64.ActiveCfg = Release|x64
		{8BBBA30D-2E77-4F77-A769-7B96265429E3}.Release|x64.Build.0 = Release|x64
		{8BBBA30D-2E77-4F77-A769-7B96265429E3}.Release|x86.ActiveCfg = Release|Win32
		{8BBBA30D-2E77-4F77-A769-7B96265429E3}.Release|x86.Build.0 = Release|Win32
	EndGlobalSection
	GlobalSection(SolutionProperties) = preSolution
		HideSolutionNode = FALSE
	EndGlobalSection
	GlobalSection(ExtensibilityGlobals) = postSolution
		SolutionGuid = {8234216B-0FB1-45B5-AA4D-9FC92EB76D9B}
	EndGlobalSection
EndGlobal
